
Microsoft Visual Studio Solution File, Format Version 12.00
# Visual Studio 15
VisualStudioVersion = 15.0.27130.2024
MinimumVisualStudioVersion = 10.0.40219.1
Project("{9A19103F-16F7-4668-BE54-9A1E7A4F7556}") = "btree-compare", "btree-compare\btree-compare.csproj", "{B3131C56-A260-4E76-B960-BB215B4FDCDA}"
EndProject
Global
	GlobalSection(SolutionConfigurationPlatforms) = preSolution
		Debug|Any CPU = Debug|Any CPU
		Release|Any CPU = Release|Any CPU
	EndGlobalSection
	GlobalSection(ProjectConfigurationPlatforms) = postSolution
		{B3131C56-A260-4E76-B960-BB215B4FDCDA}.Debug|Any CPU.ActiveCfg = Debug|Any CPU
		{B3131C56-A260-4E76-B960-BB215B4FDCDA}.Debug|Any CPU.Build.0 = Debug|Any CPU
		{B3131C56-A260-4E76-B960-BB215B4FDCDA}.Release|Any CPU.ActiveCfg = Release|Any CPU
		{B3131C56-A260-4E76-B960-BB215B4FDCDA}.Release|Any CPU.Build.0 = Release|Any CPU
	EndGlobalSection
	GlobalSection(SolutionProperties) = preSolution
		HideSolutionNode = FALSE
	EndGlobalSection
	GlobalSection(ExtensibilityGlobals) = postSolution
		SolutionGuid = {E9CC0D60-8E93-45B3-823A-3204BEF7E904}
	EndGlobalSection
EndGlobal
